// !$*UTF8*$!
{
	archiveVersion = 1;
	classes = {
	};
	objectVersion = 51;
	objects = {

/* Begin PBXBuildFile section */
		180DB975281854C100B45486 /* CollectionType.swift in Sources */ = {isa = PBXBuildFile; fileRef = 180DB974281854C100B45486 /* CollectionType.swift */; };
		1812D4DD27EF6A85007C2C45 /* Box.swift in Sources */ = {isa = PBXBuildFile; fileRef = 1812D4DC27EF6A84007C2C45 /* Box.swift */; };
		1812D4E327EF71CA007C2C45 /* FavoritesViewModel.swift in Sources */ = {isa = PBXBuildFile; fileRef = 1812D4E227EF71CA007C2C45 /* FavoritesViewModel.swift */; };
		1812D4E527EF71E3007C2C45 /* MainViewModel.swift in Sources */ = {isa = PBXBuildFile; fileRef = 1812D4E427EF71E3007C2C45 /* MainViewModel.swift */; };
		1812D4E727EF77F5007C2C45 /* MainViewModelType.swift in Sources */ = {isa = PBXBuildFile; fileRef = 1812D4E627EF77F5007C2C45 /* MainViewModelType.swift */; };
		1812D4EF27F11DB0007C2C45 /* DetailsViewModel.swift in Sources */ = {isa = PBXBuildFile; fileRef = 1812D4EE27F11DAF007C2C45 /* DetailsViewModel.swift */; };
		1812D4F127F11F3A007C2C45 /* DetailsViewModelType.swift in Sources */ = {isa = PBXBuildFile; fileRef = 1812D4F027F11F3A007C2C45 /* DetailsViewModelType.swift */; };
		183E549A281A0DD400C3539A /* FavoritesViewModelType.swift in Sources */ = {isa = PBXBuildFile; fileRef = 183E5499281A0DD400C3539A /* FavoritesViewModelType.swift */; };
		185403872810E8B4007FE67C /* MainCollectionViewType.swift in Sources */ = {isa = PBXBuildFile; fileRef = 185403862810E8B4007FE67C /* MainCollectionViewType.swift */; };
		185403892810F071007FE67C /* CollectionDataSourceType.swift in Sources */ = {isa = PBXBuildFile; fileRef = 185403882810F071007FE67C /* CollectionDataSourceType.swift */; };
		18911F2627E9DD3B0027825A /* LoadingView.swift in Sources */ = {isa = PBXBuildFile; fileRef = 18911F2527E9DD3B0027825A /* LoadingView.swift */; };
		18911F2927E9FA180027825A /* CoreDataManager.swift in Sources */ = {isa = PBXBuildFile; fileRef = 18911F2827E9FA180027825A /* CoreDataManager.swift */; };
		18A8296B27E3FA3900A8FC7B /* TabBarController.swift in Sources */ = {isa = PBXBuildFile; fileRef = 18A8296A27E3FA3900A8FC7B /* TabBarController.swift */; };
		18A8296F27E3FB9E00A8FC7B /* MainViewController.swift in Sources */ = {isa = PBXBuildFile; fileRef = 18A8296E27E3FB9E00A8FC7B /* MainViewController.swift */; };
		18A8297127E3FBF300A8FC7B /* DetailsViewController.swift in Sources */ = {isa = PBXBuildFile; fileRef = 18A8297027E3FBF300A8FC7B /* DetailsViewController.swift */; };
		18A8297A27E6074A00A8FC7B /* MainCollectionViewCell.swift in Sources */ = {isa = PBXBuildFile; fileRef = 18A8297927E6074A00A8FC7B /* MainCollectionViewCell.swift */; };
		18A8297F27E6B37F00A8FC7B /* NetworkManager.swift in Sources */ = {isa = PBXBuildFile; fileRef = 18A8297E27E6B37F00A8FC7B /* NetworkManager.swift */; };
		18B1A14C281B35B700B2F137 /* NetworkModel.swift in Sources */ = {isa = PBXBuildFile; fileRef = 18B1A14B281B35B700B2F137 /* NetworkModel.swift */; };
		18B1A14E281B35FF00B2F137 /* NetworkDecoder.swift in Sources */ = {isa = PBXBuildFile; fileRef = 18B1A14D281B35FF00B2F137 /* NetworkDecoder.swift */; };
		18B1A150281B366500B2F137 /* CoreDataProvider.swift in Sources */ = {isa = PBXBuildFile; fileRef = 18B1A14F281B366500B2F137 /* CoreDataProvider.swift */; };
		18B1A152281B368000B2F137 /* CoreDataModel.swift in Sources */ = {isa = PBXBuildFile; fileRef = 18B1A151281B368000B2F137 /* CoreDataModel.swift */; };
		18B1A154281B36FD00B2F137 /* CollectionItemModel.swift in Sources */ = {isa = PBXBuildFile; fileRef = 18B1A153281B36FD00B2F137 /* CollectionItemModel.swift */; };
		18B1A156281B42C100B2F137 /* DetailsModel.swift in Sources */ = {isa = PBXBuildFile; fileRef = 18B1A155281B42C100B2F137 /* DetailsModel.swift */; };
		18B1A158281B43D000B2F137 /* URLSessionProvider.swift in Sources */ = {isa = PBXBuildFile; fileRef = 18B1A157281B43D000B2F137 /* URLSessionProvider.swift */; };
		18B1A15A281B4AE200B2F137 /* CoreDataCoder.swift in Sources */ = {isa = PBXBuildFile; fileRef = 18B1A159281B4AE100B2F137 /* CoreDataCoder.swift */; };
		18B9582828103E1C004FF5D2 /* FavoritesViewController.swift in Sources */ = {isa = PBXBuildFile; fileRef = 18B9582728103E1C004FF5D2 /* FavoritesViewController.swift */; };
		18B9582E28103EE7004FF5D2 /* MainCollectionView.swift in Sources */ = {isa = PBXBuildFile; fileRef = 18B9582D28103EE7004FF5D2 /* MainCollectionView.swift */; };
		18F5A07627E3F4B400999D8B /* AppDelegate.swift in Sources */ = {isa = PBXBuildFile; fileRef = 18F5A07527E3F4B400999D8B /* AppDelegate.swift */; };
		18F5A07D27E3F4B400999D8B /* Main.storyboard in Resources */ = {isa = PBXBuildFile; fileRef = 18F5A07B27E3F4B400999D8B /* Main.storyboard */; };
		18F5A08027E3F4B400999D8B /* testAppClevertec.xcdatamodeld in Sources */ = {isa = PBXBuildFile; fileRef = 18F5A07E27E3F4B400999D8B /* testAppClevertec.xcdatamodeld */; };
		18F5A08227E3F4BF00999D8B /* Assets.xcassets in Resources */ = {isa = PBXBuildFile; fileRef = 18F5A08127E3F4BF00999D8B /* Assets.xcassets */; };
		18F5A08527E3F4BF00999D8B /* LaunchScreen.storyboard in Resources */ = {isa = PBXBuildFile; fileRef = 18F5A08327E3F4BF00999D8B /* LaunchScreen.storyboard */; };
		DD4140B32E8A0544F6953EC8 /* Pods_testAppClevertec.framework in Frameworks */ = {isa = PBXBuildFile; fileRef = 4276DC3FED6DCE9A3F3356C4 /* Pods_testAppClevertec.framework */; };
/* End PBXBuildFile section */

/* Begin PBXFileReference section */
		180DB974281854C100B45486 /* CollectionType.swift */ = {isa = PBXFileReference; lastKnownFileType = sourcecode.swift; path = CollectionType.swift; sourceTree = "<group>"; };
		1812D4DC27EF6A84007C2C45 /* Box.swift */ = {isa = PBXFileReference; lastKnownFileType = sourcecode.swift; path = Box.swift; sourceTree = "<group>"; };
		1812D4E227EF71CA007C2C45 /* FavoritesViewModel.swift */ = {isa = PBXFileReference; lastKnownFileType = sourcecode.swift; path = FavoritesViewModel.swift; sourceTree = "<group>"; };
		1812D4E427EF71E3007C2C45 /* MainViewModel.swift */ = {isa = PBXFileReference; lastKnownFileType = sourcecode.swift; path = MainViewModel.swift; sourceTree = "<group>"; };
		1812D4E627EF77F5007C2C45 /* MainViewModelType.swift */ = {isa = PBXFileReference; lastKnownFileType = sourcecode.swift; path = MainViewModelType.swift; sourceTree = "<group>"; };
		1812D4EE27F11DAF007C2C45 /* DetailsViewModel.swift */ = {isa = PBXFileReference; lastKnownFileType = sourcecode.swift; path = DetailsViewModel.swift; sourceTree = "<group>"; };
		1812D4F027F11F3A007C2C45 /* DetailsViewModelType.swift */ = {isa = PBXFileReference; lastKnownFileType = sourcecode.swift; path = DetailsViewModelType.swift; sourceTree = "<group>"; };
		183E5499281A0DD400C3539A /* FavoritesViewModelType.swift */ = {isa = PBXFileReference; lastKnownFileType = sourcecode.swift; path = FavoritesViewModelType.swift; sourceTree = "<group>"; };
		185403862810E8B4007FE67C /* MainCollectionViewType.swift */ = {isa = PBXFileReference; lastKnownFileType = sourcecode.swift; path = MainCollectionViewType.swift; sourceTree = "<group>"; };
		185403882810F071007FE67C /* CollectionDataSourceType.swift */ = {isa = PBXFileReference; lastKnownFileType = sourcecode.swift; path = CollectionDataSourceType.swift; sourceTree = "<group>"; };
		18911F2527E9DD3B0027825A /* LoadingView.swift */ = {isa = PBXFileReference; lastKnownFileType = sourcecode.swift; path = LoadingView.swift; sourceTree = "<group>"; };
		18911F2827E9FA180027825A /* CoreDataManager.swift */ = {isa = PBXFileReference; lastKnownFileType = sourcecode.swift; path = CoreDataManager.swift; sourceTree = "<group>"; };
		18A8296A27E3FA3900A8FC7B /* TabBarController.swift */ = {isa = PBXFileReference; lastKnownFileType = sourcecode.swift; path = TabBarController.swift; sourceTree = "<group>"; };
		18A8296E27E3FB9E00A8FC7B /* MainViewController.swift */ = {isa = PBXFileReference; lastKnownFileType = sourcecode.swift; path = MainViewController.swift; sourceTree = "<group>"; };
		18A8297027E3FBF300A8FC7B /* DetailsViewController.swift */ = {isa = PBXFileReference; lastKnownFileType = sourcecode.swift; path = DetailsViewController.swift; sourceTree = "<group>"; };
		18A8297927E6074A00A8FC7B /* MainCollectionViewCell.swift */ = {isa = PBXFileReference; lastKnownFileType = sourcecode.swift; path = MainCollectionViewCell.swift; sourceTree = "<group>"; };
		18A8297E27E6B37F00A8FC7B /* NetworkManager.swift */ = {isa = PBXFileReference; lastKnownFileType = sourcecode.swift; path = NetworkManager.swift; sourceTree = "<group>"; };
		18B1A14B281B35B700B2F137 /* NetworkModel.swift */ = {isa = PBXFileReference; lastKnownFileType = sourcecode.swift; path = NetworkModel.swift; sourceTree = "<group>"; };
		18B1A14D281B35FF00B2F137 /* NetworkDecoder.swift */ = {isa = PBXFileReference; lastKnownFileType = sourcecode.swift; path = NetworkDecoder.swift; sourceTree = "<group>"; };
		18B1A14F281B366500B2F137 /* CoreDataProvider.swift */ = {isa = PBXFileReference; lastKnownFileType = sourcecode.swift; path = CoreDataProvider.swift; sourceTree = "<group>"; };
		18B1A151281B368000B2F137 /* CoreDataModel.swift */ = {isa = PBXFileReference; lastKnownFileType = sourcecode.swift; path = CoreDataModel.swift; sourceTree = "<group>"; };
		18B1A153281B36FD00B2F137 /* CollectionItemModel.swift */ = {isa = PBXFileReference; lastKnownFileType = sourcecode.swift; path = CollectionItemModel.swift; sourceTree = "<group>"; };
		18B1A155281B42C100B2F137 /* DetailsModel.swift */ = {isa = PBXFileReference; lastKnownFileType = sourcecode.swift; path = DetailsModel.swift; sourceTree = "<group>"; };
		18B1A157281B43D000B2F137 /* URLSessionProvider.swift */ = {isa = PBXFileReference; lastKnownFileType = sourcecode.swift; path = URLSessionProvider.swift; sourceTree = "<group>"; };
		18B1A159281B4AE100B2F137 /* CoreDataCoder.swift */ = {isa = PBXFileReference; lastKnownFileType = sourcecode.swift; path = CoreDataCoder.swift; sourceTree = "<group>"; };
		18B9582728103E1C004FF5D2 /* FavoritesViewController.swift */ = {isa = PBXFileReference; lastKnownFileType = sourcecode.swift; path = FavoritesViewController.swift; sourceTree = "<group>"; };
		18B9582D28103EE7004FF5D2 /* MainCollectionView.swift */ = {isa = PBXFileReference; lastKnownFileType = sourcecode.swift; path = MainCollectionView.swift; sourceTree = "<group>"; };
		18F5A07227E3F4B400999D8B /* testAppClevertec.app */ = {isa = PBXFileReference; explicitFileType = wrapper.application; includeInIndex = 0; path = testAppClevertec.app; sourceTree = BUILT_PRODUCTS_DIR; };
		18F5A07527E3F4B400999D8B /* AppDelegate.swift */ = {isa = PBXFileReference; lastKnownFileType = sourcecode.swift; path = AppDelegate.swift; sourceTree = "<group>"; };
		18F5A07C27E3F4B400999D8B /* Base */ = {isa = PBXFileReference; lastKnownFileType = file.storyboard; name = Base; path = Base.lproj/Main.storyboard; sourceTree = "<group>"; };
		18F5A07F27E3F4B400999D8B /* testAppClevertec.xcdatamodel */ = {isa = PBXFileReference; lastKnownFileType = wrapper.xcdatamodel; path = testAppClevertec.xcdatamodel; sourceTree = "<group>"; };
		18F5A08127E3F4BF00999D8B /* Assets.xcassets */ = {isa = PBXFileReference; lastKnownFileType = folder.assetcatalog; path = Assets.xcassets; sourceTree = "<group>"; };
		18F5A08427E3F4BF00999D8B /* Base */ = {isa = PBXFileReference; lastKnownFileType = file.storyboard; name = Base; path = Base.lproj/LaunchScreen.storyboard; sourceTree = "<group>"; };
		18F5A08627E3F4BF00999D8B /* Info.plist */ = {isa = PBXFileReference; lastKnownFileType = text.plist.xml; path = Info.plist; sourceTree = "<group>"; };
		4276DC3FED6DCE9A3F3356C4 /* Pods_testAppClevertec.framework */ = {isa = PBXFileReference; explicitFileType = wrapper.framework; includeInIndex = 0; path = Pods_testAppClevertec.framework; sourceTree = BUILT_PRODUCTS_DIR; };
		74AA6871D2873E02C20F599A /* Pods-testAppClevertec.debug.xcconfig */ = {isa = PBXFileReference; includeInIndex = 1; lastKnownFileType = text.xcconfig; name = "Pods-testAppClevertec.debug.xcconfig"; path = "Target Support Files/Pods-testAppClevertec/Pods-testAppClevertec.debug.xcconfig"; sourceTree = "<group>"; };
		CEDBC26E3A4289E31346A5A2 /* Pods-testAppClevertec.release.xcconfig */ = {isa = PBXFileReference; includeInIndex = 1; lastKnownFileType = text.xcconfig; name = "Pods-testAppClevertec.release.xcconfig"; path = "Target Support Files/Pods-testAppClevertec/Pods-testAppClevertec.release.xcconfig"; sourceTree = "<group>"; };
/* End PBXFileReference section */

/* Begin PBXFrameworksBuildPhase section */
		18F5A06F27E3F4B400999D8B /* Frameworks */ = {
			isa = PBXFrameworksBuildPhase;
			buildActionMask = 2147483647;
			files = (
				DD4140B32E8A0544F6953EC8 /* Pods_testAppClevertec.framework in Frameworks */,
			);
			runOnlyForDeploymentPostprocessing = 0;
		};
/* End PBXFrameworksBuildPhase section */

/* Begin PBXGroup section */
		1812D4DE27EF6F96007C2C45 /* View */ = {
			isa = PBXGroup;
			children = (
				18A8296A27E3FA3900A8FC7B /* TabBarController.swift */,
				18A8296E27E3FB9E00A8FC7B /* MainViewController.swift */,
				18B9582728103E1C004FF5D2 /* FavoritesViewController.swift */,
				18A8297027E3FBF300A8FC7B /* DetailsViewController.swift */,
				18911F2527E9DD3B0027825A /* LoadingView.swift */,
				18B9582D28103EE7004FF5D2 /* MainCollectionView.swift */,
				18A8297927E6074A00A8FC7B /* MainCollectionViewCell.swift */,
			);
			path = View;
			sourceTree = "<group>";
		};
		1812D4DF27EF6FAA007C2C45 /* ViewModel */ = {
			isa = PBXGroup;
			children = (
				1812D4E427EF71E3007C2C45 /* MainViewModel.swift */,
				1812D4E227EF71CA007C2C45 /* FavoritesViewModel.swift */,
				1812D4EE27F11DAF007C2C45 /* DetailsViewModel.swift */,
			);
			path = ViewModel;
			sourceTree = "<group>";
		};
		1812D4E027EF6FB7007C2C45 /* Model */ = {
			isa = PBXGroup;
			children = (
				1812D4ED27EF7A0C007C2C45 /* Protocols */,
				1812D4DC27EF6A84007C2C45 /* Box.swift */,
				18B1A153281B36FD00B2F137 /* CollectionItemModel.swift */,
				18B1A155281B42C100B2F137 /* DetailsModel.swift */,
			);
			path = Model;
			sourceTree = "<group>";
		};
		1812D4E127EF6FF9007C2C45 /* Services */ = {
			isa = PBXGroup;
			children = (
				18B1A149281B356100B2F137 /* Network */,
				18B1A14A281B357F00B2F137 /* CoreData */,
			);
			path = Services;
			sourceTree = "<group>";
		};
		1812D4ED27EF7A0C007C2C45 /* Protocols */ = {
			isa = PBXGroup;
			children = (
				1812D4E627EF77F5007C2C45 /* MainViewModelType.swift */,
				183E5499281A0DD400C3539A /* FavoritesViewModelType.swift */,
				1812D4F027F11F3A007C2C45 /* DetailsViewModelType.swift */,
				185403862810E8B4007FE67C /* MainCollectionViewType.swift */,
				185403882810F071007FE67C /* CollectionDataSourceType.swift */,
				180DB974281854C100B45486 /* CollectionType.swift */,
			);
			path = Protocols;
			sourceTree = "<group>";
		};
		18A8297627E6023D00A8FC7B /* App */ = {
			isa = PBXGroup;
			children = (
				18F5A07527E3F4B400999D8B /* AppDelegate.swift */,
			);
			path = App;
			sourceTree = "<group>";
		};
		18B1A149281B356100B2F137 /* Network */ = {
			isa = PBXGroup;
			children = (
				18A8297E27E6B37F00A8FC7B /* NetworkManager.swift */,
				18B1A14B281B35B700B2F137 /* NetworkModel.swift */,
				18B1A14D281B35FF00B2F137 /* NetworkDecoder.swift */,
				18B1A157281B43D000B2F137 /* URLSessionProvider.swift */,
			);
			path = Network;
			sourceTree = "<group>";
		};
		18B1A14A281B357F00B2F137 /* CoreData */ = {
			isa = PBXGroup;
			children = (
				18911F2827E9FA180027825A /* CoreDataManager.swift */,
				18B1A151281B368000B2F137 /* CoreDataModel.swift */,
				18B1A14F281B366500B2F137 /* CoreDataProvider.swift */,
				18B1A159281B4AE100B2F137 /* CoreDataCoder.swift */,
			);
			path = CoreData;
			sourceTree = "<group>";
		};
		18F5A06927E3F4B400999D8B = {
			isa = PBXGroup;
			children = (
				18F5A07427E3F4B400999D8B /* testAppClevertec */,
				18F5A07327E3F4B400999D8B /* Products */,
				3BDAF6BAE22154000FC76239 /* Pods */,
				7FF39F65C92A048F3B9A700B /* Frameworks */,
			);
			sourceTree = "<group>";
		};
		18F5A07327E3F4B400999D8B /* Products */ = {
			isa = PBXGroup;
			children = (
				18F5A07227E3F4B400999D8B /* testAppClevertec.app */,
			);
			name = Products;
			sourceTree = "<group>";
		};
		18F5A07427E3F4B400999D8B /* testAppClevertec */ = {
			isa = PBXGroup;
			children = (
				18A8297627E6023D00A8FC7B /* App */,
				1812D4E127EF6FF9007C2C45 /* Services */,
				1812D4DE27EF6F96007C2C45 /* View */,
				1812D4DF27EF6FAA007C2C45 /* ViewModel */,
				1812D4E027EF6FB7007C2C45 /* Model */,
				18F5A08127E3F4BF00999D8B /* Assets.xcassets */,
				18F5A07B27E3F4B400999D8B /* Main.storyboard */,
				18F5A08327E3F4BF00999D8B /* LaunchScreen.storyboard */,
				18F5A08627E3F4BF00999D8B /* Info.plist */,
				18F5A07E27E3F4B400999D8B /* testAppClevertec.xcdatamodeld */,
			);
			path = testAppClevertec;
			sourceTree = "<group>";
		};
		3BDAF6BAE22154000FC76239 /* Pods */ = {
			isa = PBXGroup;
			children = (
				74AA6871D2873E02C20F599A /* Pods-testAppClevertec.debug.xcconfig */,
				CEDBC26E3A4289E31346A5A2 /* Pods-testAppClevertec.release.xcconfig */,
			);
			path = Pods;
			sourceTree = "<group>";
		};
		7FF39F65C92A048F3B9A700B /* Frameworks */ = {
			isa = PBXGroup;
			children = (
				4276DC3FED6DCE9A3F3356C4 /* Pods_testAppClevertec.framework */,
			);
			name = Frameworks;
			sourceTree = "<group>";
		};
/* End PBXGroup section */

/* Begin PBXNativeTarget section */
		18F5A07127E3F4B400999D8B /* testAppClevertec */ = {
			isa = PBXNativeTarget;
			buildConfigurationList = 18F5A08927E3F4BF00999D8B /* Build configuration list for PBXNativeTarget "testAppClevertec" */;
			buildPhases = (
				9AD38DD125008A82136E352A /* [CP] Check Pods Manifest.lock */,
				18F5A06E27E3F4B400999D8B /* Sources */,
				18F5A06F27E3F4B400999D8B /* Frameworks */,
				18F5A07027E3F4B400999D8B /* Resources */,
				69524AA776DE5432D74D6C39 /* [CP] Embed Pods Frameworks */,
				1874306527F14CD300697793 /* ShellScript */,
			);
			buildRules = (
			);
			dependencies = (
			);
			name = testAppClevertec;
			productName = testAppClevertec;
			productReference = 18F5A07227E3F4B400999D8B /* testAppClevertec.app */;
			productType = "com.apple.product-type.application";
		};
/* End PBXNativeTarget section */

/* Begin PBXProject section */
		18F5A06A27E3F4B400999D8B /* Project object */ = {
			isa = PBXProject;
			attributes = {
				LastSwiftUpdateCheck = 1250;
				LastUpgradeCheck = 1250;
				TargetAttributes = {
					18F5A07127E3F4B400999D8B = {
						CreatedOnToolsVersion = 12.5;
					};
				};
			};
			buildConfigurationList = 18F5A06D27E3F4B400999D8B /* Build configuration list for PBXProject "testAppClevertec" */;
			compatibilityVersion = "Xcode 9.3";
			developmentRegion = en;
			hasScannedForEncodings = 0;
			knownRegions = (
				en,
				Base,
			);
			mainGroup = 18F5A06927E3F4B400999D8B;
			productRefGroup = 18F5A07327E3F4B400999D8B /* Products */;
			projectDirPath = "";
			projectRoot = "";
			targets = (
				18F5A07127E3F4B400999D8B /* testAppClevertec */,
			);
		};
/* End PBXProject section */

/* Begin PBXResourcesBuildPhase section */
		18F5A07027E3F4B400999D8B /* Resources */ = {
			isa = PBXResourcesBuildPhase;
			buildActionMask = 2147483647;
			files = (
				18F5A08527E3F4BF00999D8B /* LaunchScreen.storyboard in Resources */,
				18F5A08227E3F4BF00999D8B /* Assets.xcassets in Resources */,
				18F5A07D27E3F4B400999D8B /* Main.storyboard in Resources */,
			);
			runOnlyForDeploymentPostprocessing = 0;
		};
/* End PBXResourcesBuildPhase section */

/* Begin PBXShellScriptBuildPhase section */
		1874306527F14CD300697793 /* ShellScript */ = {
			isa = PBXShellScriptBuildPhase;
			buildActionMask = 12;
			files = (
			);
			inputFileListPaths = (
			);
			inputPaths = (
			);
			outputFileListPaths = (
			);
			outputPaths = (
			);
			runOnlyForDeploymentPostprocessing = 0;
			shellPath = /bin/sh;
			shellScript = "\"${PODS_ROOT}/SwiftLint/swiftlint\"\n\n";
		};
		69524AA776DE5432D74D6C39 /* [CP] Embed Pods Frameworks */ = {
			isa = PBXShellScriptBuildPhase;
			buildActionMask = 2147483647;
			files = (
			);
			inputFileListPaths = (
				"${PODS_ROOT}/Target Support Files/Pods-testAppClevertec/Pods-testAppClevertec-frameworks-${CONFIGURATION}-input-files.xcfilelist",
			);
			name = "[CP] Embed Pods Frameworks";
			outputFileListPaths = (
				"${PODS_ROOT}/Target Support Files/Pods-testAppClevertec/Pods-testAppClevertec-frameworks-${CONFIGURATION}-output-files.xcfilelist",
			);
			runOnlyForDeploymentPostprocessing = 0;
			shellPath = /bin/sh;
			shellScript = "\"${PODS_ROOT}/Target Support Files/Pods-testAppClevertec/Pods-testAppClevertec-frameworks.sh\"\n";
			showEnvVarsInLog = 0;
		};
		9AD38DD125008A82136E352A /* [CP] Check Pods Manifest.lock */ = {
			isa = PBXShellScriptBuildPhase;
			buildActionMask = 2147483647;
			files = (
			);
			inputFileListPaths = (
			);
			inputPaths = (
				"${PODS_PODFILE_DIR_PATH}/Podfile.lock",
				"${PODS_ROOT}/Manifest.lock",
			);
			name = "[CP] Check Pods Manifest.lock";
			outputFileListPaths = (
			);
			outputPaths = (
				"$(DERIVED_FILE_DIR)/Pods-testAppClevertec-checkManifestLockResult.txt",
			);
			runOnlyForDeploymentPostprocessing = 0;
			shellPath = /bin/sh;
			shellScript = "diff \"${PODS_PODFILE_DIR_PATH}/Podfile.lock\" \"${PODS_ROOT}/Manifest.lock\" > /dev/null\nif [ $? != 0 ] ; then\n    # print error to STDERR\n    echo \"error: The sandbox is not in sync with the Podfile.lock. Run 'pod install' or update your CocoaPods installation.\" >&2\n    exit 1\nfi\n# This output is used by Xcode 'outputs' to avoid re-running this script phase.\necho \"SUCCESS\" > \"${SCRIPT_OUTPUT_FILE_0}\"\n";
			showEnvVarsInLog = 0;
		};
/* End PBXShellScriptBuildPhase section */

/* Begin PBXSourcesBuildPhase section */
		18F5A06E27E3F4B400999D8B /* Sources */ = {
			isa = PBXSourcesBuildPhase;
			buildActionMask = 2147483647;
			files = (
				1812D4F127F11F3A007C2C45 /* DetailsViewModelType.swift in Sources */,
				18B1A158281B43D000B2F137 /* URLSessionProvider.swift in Sources */,
				1812D4E327EF71CA007C2C45 /* FavoritesViewModel.swift in Sources */,
				1812D4EF27F11DB0007C2C45 /* DetailsViewModel.swift in Sources */,
				18B9582E28103EE7004FF5D2 /* MainCollectionView.swift in Sources */,
				18A8296F27E3FB9E00A8FC7B /* MainViewController.swift in Sources */,
				180DB975281854C100B45486 /* CollectionType.swift in Sources */,
				18B1A150281B366500B2F137 /* CoreDataProvider.swift in Sources */,
				18911F2627E9DD3B0027825A /* LoadingView.swift in Sources */,
				1812D4E727EF77F5007C2C45 /* MainViewModelType.swift in Sources */,
				183E549A281A0DD400C3539A /* FavoritesViewModelType.swift in Sources */,
				18A8297A27E6074A00A8FC7B /* MainCollectionViewCell.swift in Sources */,
				18B1A154281B36FD00B2F137 /* CollectionItemModel.swift in Sources */,
				18B1A14E281B35FF00B2F137 /* NetworkDecoder.swift in Sources */,
				18B1A14C281B35B700B2F137 /* NetworkModel.swift in Sources */,
				18F5A07627E3F4B400999D8B /* AppDelegate.swift in Sources */,
				18A8297F27E6B37F00A8FC7B /* NetworkManager.swift in Sources */,
				18A8297127E3FBF300A8FC7B /* DetailsViewController.swift in Sources */,
				18B1A152281B368000B2F137 /* CoreDataModel.swift in Sources */,
				18A8296B27E3FA3900A8FC7B /* TabBarController.swift in Sources */,
				1812D4DD27EF6A85007C2C45 /* Box.swift in Sources */,
				18B1A156281B42C100B2F137 /* DetailsModel.swift in Sources */,
				185403872810E8B4007FE67C /* MainCollectionViewType.swift in Sources */,
				18B9582828103E1C004FF5D2 /* FavoritesViewController.swift in Sources */,
				18F5A08027E3F4B400999D8B /* testAppClevertec.xcdatamodeld in Sources */,
				18911F2927E9FA180027825A /* CoreDataManager.swift in Sources */,
				1812D4E527EF71E3007C2C45 /* MainViewModel.swift in Sources */,
				18B1A15A281B4AE200B2F137 /* CoreDataCoder.swift in Sources */,
				185403892810F071007FE67C /* CollectionDataSourceType.swift in Sources */,
			);
			runOnlyForDeploymentPostprocessing = 0;
		};
/* End PBXSourcesBuildPhase section */

/* Begin PBXVariantGroup section */
		18F5A07B27E3F4B400999D8B /* Main.storyboard */ = {
			isa = PBXVariantGroup;
			children = (
				18F5A07C27E3F4B400999D8B /* Base */,
			);
			name = Main.storyboard;
			sourceTree = "<group>";
		};
		18F5A08327E3F4BF00999D8B /* LaunchScreen.storyboard */ = {
			isa = PBXVariantGroup;
			children = (
				18F5A08427E3F4BF00999D8B /* Base */,
			);
			name = LaunchScreen.storyboard;
			sourceTree = "<group>";
		};
/* End PBXVariantGroup section */

/* Begin XCBuildConfiguration section */
		18F5A08727E3F4BF00999D8B /* Debug */ = {
			isa = XCBuildConfiguration;
			buildSettings = {
				ALWAYS_SEARCH_USER_PATHS = NO;
				CLANG_ANALYZER_NONNULL = YES;
				CLANG_ANALYZER_NUMBER_OBJECT_CONVERSION = YES_AGGRESSIVE;
				CLANG_CXX_LANGUAGE_STANDARD = "gnu++14";
				CLANG_CXX_LIBRARY = "libc++";
				CLANG_ENABLE_MODULES = YES;
				CLANG_ENABLE_OBJC_ARC = YES;
				CLANG_ENABLE_OBJC_WEAK = YES;
				CLANG_WARN_BLOCK_CAPTURE_AUTORELEASING = YES;
				CLANG_WARN_BOOL_CONVERSION = YES;
				CLANG_WARN_COMMA = YES;
				CLANG_WARN_CONSTANT_CONVERSION = YES;
				CLANG_WARN_DEPRECATED_OBJC_IMPLEMENTATIONS = YES;
				CLANG_WARN_DIRECT_OBJC_ISA_USAGE = YES_ERROR;
				CLANG_WARN_DOCUMENTATION_COMMENTS = YES;
				CLANG_WARN_EMPTY_BODY = YES;
				CLANG_WARN_ENUM_CONVERSION = YES;
				CLANG_WARN_INFINITE_RECURSION = YES;
				CLANG_WARN_INT_CONVERSION = YES;
				CLANG_WARN_NON_LITERAL_NULL_CONVERSION = YES;
				CLANG_WARN_OBJC_IMPLICIT_RETAIN_SELF = YES;
				CLANG_WARN_OBJC_LITERAL_CONVERSION = YES;
				CLANG_WARN_OBJC_ROOT_CLASS = YES_ERROR;
				CLANG_WARN_QUOTED_INCLUDE_IN_FRAMEWORK_HEADER = YES;
				CLANG_WARN_RANGE_LOOP_ANALYSIS = YES;
				CLANG_WARN_STRICT_PROTOTYPES = YES;
				CLANG_WARN_SUSPICIOUS_MOVE = YES;
				CLANG_WARN_UNGUARDED_AVAILABILITY = YES_AGGRESSIVE;
				CLANG_WARN_UNREACHABLE_CODE = YES;
				CLANG_WARN__DUPLICATE_METHOD_MATCH = YES;
				COPY_PHASE_STRIP = NO;
				DEBUG_INFORMATION_FORMAT = dwarf;
				ENABLE_STRICT_OBJC_MSGSEND = YES;
				ENABLE_TESTABILITY = YES;
				GCC_C_LANGUAGE_STANDARD = gnu11;
				GCC_DYNAMIC_NO_PIC = NO;
				GCC_NO_COMMON_BLOCKS = YES;
				GCC_OPTIMIZATION_LEVEL = 0;
				GCC_PREPROCESSOR_DEFINITIONS = (
					"DEBUG=1",
					"$(inherited)",
				);
				GCC_WARN_64_TO_32_BIT_CONVERSION = YES;
				GCC_WARN_ABOUT_RETURN_TYPE = YES_ERROR;
				GCC_WARN_UNDECLARED_SELECTOR = YES;
				GCC_WARN_UNINITIALIZED_AUTOS = YES_AGGRESSIVE;
				GCC_WARN_UNUSED_FUNCTION = YES;
				GCC_WARN_UNUSED_VARIABLE = YES;
				IPHONEOS_DEPLOYMENT_TARGET = 14.5;
				MTL_ENABLE_DEBUG_INFO = INCLUDE_SOURCE;
				MTL_FAST_MATH = YES;
				ONLY_ACTIVE_ARCH = YES;
				SDKROOT = iphoneos;
				SWIFT_ACTIVE_COMPILATION_CONDITIONS = DEBUG;
				SWIFT_OPTIMIZATION_LEVEL = "-Onone";
			};
			name = Debug;
		};
		18F5A08827E3F4BF00999D8B /* Release */ = {
			isa = XCBuildConfiguration;
			buildSettings = {
				ALWAYS_SEARCH_USER_PATHS = NO;
				CLANG_ANALYZER_NONNULL = YES;
				CLANG_ANALYZER_NUMBER_OBJECT_CONVERSION = YES_AGGRESSIVE;
				CLANG_CXX_LANGUAGE_STANDARD = "gnu++14";
				CLANG_CXX_LIBRARY = "libc++";
				CLANG_ENABLE_MODULES = YES;
				CLANG_ENABLE_OBJC_ARC = YES;
				CLANG_ENABLE_OBJC_WEAK = YES;
				CLANG_WARN_BLOCK_CAPTURE_AUTORELEASING = YES;
				CLANG_WARN_BOOL_CONVERSION = YES;
				CLANG_WARN_COMMA = YES;
				CLANG_WARN_CONSTANT_CONVERSION = YES;
				CLANG_WARN_DEPRECATED_OBJC_IMPLEMENTATIONS = YES;
				CLANG_WARN_DIRECT_OBJC_ISA_USAGE = YES_ERROR;
				CLANG_WARN_DOCUMENTATION_COMMENTS = YES;
				CLANG_WARN_EMPTY_BODY = YES;
				CLANG_WARN_ENUM_CONVERSION = YES;
				CLANG_WARN_INFINITE_RECURSION = YES;
				CLANG_WARN_INT_CONVERSION = YES;
				CLANG_WARN_NON_LITERAL_NULL_CONVERSION = YES;
				CLANG_WARN_OBJC_IMPLICIT_RETAIN_SELF = YES;
				CLANG_WARN_OBJC_LITERAL_CONVERSION = YES;
				CLANG_WARN_OBJC_ROOT_CLASS = YES_ERROR;
				CLANG_WARN_QUOTED_INCLUDE_IN_FRAMEWORK_HEADER = YES;
				CLANG_WARN_RANGE_LOOP_ANALYSIS = YES;
				CLANG_WARN_STRICT_PROTOTYPES = YES;
				CLANG_WARN_SUSPICIOUS_MOVE = YES;
				CLANG_WARN_UNGUARDED_AVAILABILITY = YES_AGGRESSIVE;
				CLANG_WARN_UNREACHABLE_CODE = YES;
				CLANG_WARN__DUPLICATE_METHOD_MATCH = YES;
				COPY_PHASE_STRIP = NO;
				DEBUG_INFORMATION_FORMAT = "dwarf-with-dsym";
				ENABLE_NS_ASSERTIONS = NO;
				ENABLE_STRICT_OBJC_MSGSEND = YES;
				GCC_C_LANGUAGE_STANDARD = gnu11;
				GCC_NO_COMMON_BLOCKS = YES;
				GCC_WARN_64_TO_32_BIT_CONVERSION = YES;
				GCC_WARN_ABOUT_RETURN_TYPE = YES_ERROR;
				GCC_WARN_UNDECLARED_SELECTOR = YES;
				GCC_WARN_UNINITIALIZED_AUTOS = YES_AGGRESSIVE;
				GCC_WARN_UNUSED_FUNCTION = YES;
				GCC_WARN_UNUSED_VARIABLE = YES;
				IPHONEOS_DEPLOYMENT_TARGET = 14.5;
				MTL_ENABLE_DEBUG_INFO = NO;
				MTL_FAST_MATH = YES;
				SDKROOT = iphoneos;
				SWIFT_COMPILATION_MODE = wholemodule;
				SWIFT_OPTIMIZATION_LEVEL = "-O";
				VALIDATE_PRODUCT = YES;
			};
			name = Release;
		};
		18F5A08A27E3F4BF00999D8B /* Debug */ = {
			isa = XCBuildConfiguration;
			baseConfigurationReference = 74AA6871D2873E02C20F599A /* Pods-testAppClevertec.debug.xcconfig */;
			buildSettings = {
				ASSETCATALOG_COMPILER_APPICON_NAME = AppIcon;
				ASSETCATALOG_COMPILER_GLOBAL_ACCENT_COLOR_NAME = AccentColor;
				CODE_SIGN_STYLE = Automatic;
				INFOPLIST_FILE = testAppClevertec/Info.plist;
				LD_RUNPATH_SEARCH_PATHS = (
					"$(inherited)",
					"@executable_path/Frameworks",
				);
				PRODUCT_BUNDLE_IDENTIFIER = qqq.testAppClevertec;
				PRODUCT_NAME = "$(TARGET_NAME)";
				SWIFT_VERSION = 5.0;
				TARGETED_DEVICE_FAMILY = "1,2";
			};
			name = Debug;
		};
		18F5A08B27E3F4BF00999D8B /* Release */ = {
			isa = XCBuildConfiguration;
			baseConfigurationReference = CEDBC26E3A4289E31346A5A2 /* Pods-testAppClevertec.release.xcconfig */;
			buildSettings = {
				ASSETCATALOG_COMPILER_APPICON_NAME = AppIcon;
				ASSETCATALOG_COMPILER_GLOBAL_ACCENT_COLOR_NAME = AccentColor;
				CODE_SIGN_STYLE = Automatic;
				INFOPLIST_FILE = testAppClevertec/Info.plist;
				LD_RUNPATH_SEARCH_PATHS = (
					"$(inherited)",
					"@executable_path/Frameworks",
				);
				PRODUCT_BUNDLE_IDENTIFIER = qqq.testAppClevertec;
				PRODUCT_NAME = "$(TARGET_NAME)";
				SWIFT_VERSION = 5.0;
				TARGETED_DEVICE_FAMILY = "1,2";
			};
			name = Release;
		};
/* End XCBuildConfiguration section */

/* Begin XCConfigurationList section */
		18F5A06D27E3F4B400999D8B /* Build configuration list for PBXProject "testAppClevertec" */ = {
			isa = XCConfigurationList;
			buildConfigurations = (
				18F5A08727E3F4BF00999D8B /* Debug */,
				18F5A08827E3F4BF00999D8B /* Release */,
			);
			defaultConfigurationIsVisible = 0;
			defaultConfigurationName = Release;
		};
		18F5A08927E3F4BF00999D8B /* Build configuration list for PBXNativeTarget "testAppClevertec" */ = {
			isa = XCConfigurationList;
			buildConfigurations = (
				18F5A08A27E3F4BF00999D8B /* Debug */,
				18F5A08B27E3F4BF00999D8B /* Release */,
			);
			defaultConfigurationIsVisible = 0;
			defaultConfigurationName = Release;
		};
/* End XCConfigurationList section */

/* Begin XCVersionGroup section */
		18F5A07E27E3F4B400999D8B /* testAppClevertec.xcdatamodeld */ = {
			isa = XCVersionGroup;
			children = (
				18F5A07F27E3F4B400999D8B /* testAppClevertec.xcdatamodel */,
			);
			currentVersion = 18F5A07F27E3F4B400999D8B /* testAppClevertec.xcdatamodel */;
			path = testAppClevertec.xcdatamodeld;
			sourceTree = "<group>";
			versionGroupType = wrapper.xcdatamodel;
		};
/* End XCVersionGroup section */
	};
	rootObject = 18F5A06A27E3F4B400999D8B /* Project object */;
}
